
Microsoft Visual Studio Solution File, Format Version 12.00
# Visual Studio Version 16
VisualStudioVersion = 16.0.31105.61
MinimumVisualStudioVersion = 10.0.40219.1
Project("{FAE04EC0-301F-11D3-BF4B-00C04F79EFBC}") = "Ogrenci", "Ogrenci.csproj", "{0DD6FFCE-B515-47DE-B94E-C29758BC8583}"
EndProject
Global
	GlobalSection(SolutionConfigurationPlatforms) = preSolution
		Debug|Any CPU = Debug|Any CPU
		Release|Any CPU = Release|Any CPU
	EndGlobalSection
	GlobalSection(ProjectConfigurationPlatforms) = postSolution
		{0DD6FFCE-B515-47DE-B94E-C29758BC8583}.Debug|Any CPU.ActiveCfg = Debug|Any CPU
		{0DD6FFCE-B515-47DE-B94E-C29758BC8583}.Debug|Any CPU.Build.0 = Debug|Any CPU
		{0DD6FFCE-B515-47DE-B94E-C29758BC8583}.Release|Any CPU.ActiveCfg = Release|Any CPU
		{0DD6FFCE-B515-47DE-B94E-C29758BC8583}.Release|Any CPU.Build.0 = Release|Any CPU
	EndGlobalSection
	GlobalSection(SolutionProperties) = preSolution
		HideSolutionNode = FALSE
	EndGlobalSection
	GlobalSection(ExtensibilityGlobals) = postSolution
		SolutionGuid = {7E7C84C8-0769-4E3A-B3EF-391011B9AD6F}
	EndGlobalSection
EndGlobal
